{
    "requires": true,
    "lockfileVersion": 1,
    "dependencies": {
        "webcamjs": {
            "version": "1.0.25",
            "resolved": "https://registry.npmjs.org/webcamjs/-/webcamjs-1.0.25.tgz",
            "integrity": "sha512-U3FhvBoTguMM2dktZO6NsFfLQX/FbDYZvX5x/FxSE0OAVbvfPyKWoU40kgOzMDJ3AAKqkGcjtXo0ULOH/pgHJw=="
        }
    }
}
